
Microsoft Visual Studio Solution File, Format Version 12.00
# Visual Studio Version 17
VisualStudioVersion = 17.5.33516.290
MinimumVisualStudioVersion = 10.0.40219.1
Project("{9A19103F-16F7-4668-BE54-9A1E7A4F7556}") = "Larry", "Larry\Larry.csproj", "{A38B4DEC-0BEF-47CE-98DE-D8D32143D2AE}"
EndProject
Project("{9A19103F-16F7-4668-BE54-9A1E7A4F7556}") = "CUE4Parse", "CUE4Parse\CUE4Parse\CUE4Parse.csproj", "{2B05D481-3E39-49F5-A1B8-320431B279FF}"
EndProject
Project("{9A19103F-16F7-4668-BE54-9A1E7A4F7556}") = "CUE4Parse-Conversion", "CUE4Parse\CUE4Parse-Conversion\CUE4Parse-Conversion.csproj", "{C5BC6C21-DCBE-4E21-842F-6154C3897543}"
EndProject
Project("{FAE04EC0-301F-11D3-BF4B-00C04F79EFBC}") = "ShopGenerator", "ShopGenerator\ShopGenerator.csproj", "{F2F19D32-4829-4CE5-BA03-01C9355397DB}"
EndProject
Global
	GlobalSection(SolutionConfigurationPlatforms) = preSolution
		Debug|Any CPU = Debug|Any CPU
		Debug|x64 = Debug|x64
		Debug|x86 = Debug|x86
		Release|Any CPU = Release|Any CPU
		Release|x64 = Release|x64
		Release|x86 = Release|x86
	EndGlobalSection
	GlobalSection(ProjectConfigurationPlatforms) = postSolution
		{A38B4DEC-0BEF-47CE-98DE-D8D32143D2AE}.Debug|Any CPU.ActiveCfg = Debug|Any CPU
		{A38B4DEC-0BEF-47CE-98DE-D8D32143D2AE}.Debug|Any CPU.Build.0 = Debug|Any CPU
		{A38B4DEC-0BEF-47CE-98DE-D8D32143D2AE}.Debug|x64.ActiveCfg = Debug|x64
		{A38B4DEC-0BEF-47CE-98DE-D8D32143D2AE}.Debug|x64.Build.0 = Debug|x64
		{A38B4DEC-0BEF-47CE-98DE-D8D32143D2AE}.Debug|x86.ActiveCfg = Debug|x86
		{A38B4DEC-0BEF-47CE-98DE-D8D32143D2AE}.Debug|x86.Build.0 = Debug|x86
		{A38B4DEC-0BEF-47CE-98DE-D8D32143D2AE}.Release|Any CPU.ActiveCfg = Release|Any CPU
		{A38B4DEC-0BEF-47CE-98DE-D8D32143D2AE}.Release|Any CPU.Build.0 = Release|Any CPU
		{A38B4DEC-0BEF-47CE-98DE-D8D32143D2AE}.Release|x64.ActiveCfg = Release|x64
		{A38B4DEC-0BEF-47CE-98DE-D8D32143D2AE}.Release|x64.Build.0 = Release|x64
		{A38B4DEC-0BEF-47CE-98DE-D8D32143D2AE}.Release|x86.ActiveCfg = Release|x86
		{A38B4DEC-0BEF-47CE-98DE-D8D32143D2AE}.Release|x86.Build.0 = Release|x86
		{2B05D481-3E39-49F5-A1B8-320431B279FF}.Debug|Any CPU.ActiveCfg = Debug|Any CPU
		{2B05D481-3E39-49F5-A1B8-320431B279FF}.Debug|Any CPU.Build.0 = Debug|Any CPU
		{2B05D481-3E39-49F5-A1B8-320431B279FF}.Debug|x64.ActiveCfg = Debug|Any CPU
		{2B05D481-3E39-49F5-A1B8-320431B279FF}.Debug|x64.Build.0 = Debug|Any CPU
		{2B05D481-3E39-49F5-A1B8-320431B279FF}.Debug|x86.ActiveCfg = Debug|Any CPU
		{2B05D481-3E39-49F5-A1B8-320431B279FF}.Debug|x86.Build.0 = Debug|Any CPU
		{2B05D481-3E39-49F5-A1B8-320431B279FF}.Release|Any CPU.ActiveCfg = Release|Any CPU
		{2B05D481-3E39-49F5-A1B8-320431B279FF}.Release|Any CPU.Build.0 = Release|Any CPU
		{2B05D481-3E39-49F5-A1B8-320431B279FF}.Release|x64.ActiveCfg = Release|Any CPU
		{2B05D481-3E39-49F5-A1B8-320431B279FF}.Release|x64.Build.0 = Release|Any CPU
		{2B05D481-3E39-49F5-A1B8-320431B279FF}.Release|x86.ActiveCfg = Release|Any CPU
		{2B05D481-3E39-49F5-A1B8-320431B279FF}.Release|x86.Build.0 = Release|Any CPU
		{C5BC6C21-DCBE-4E21-842F-6154C3897543}.Debug|Any CPU.ActiveCfg = Debug|Any CPU
		{C5BC6C21-DCBE-4E21-842F-6154C3897543}.Debug|Any CPU.Build.0 = Debug|Any CPU
		{C5BC6C21-DCBE-4E21-842F-6154C3897543}.Debug|x64.ActiveCfg = Debug|Any CPU
		{C5BC6C21-DCBE-4E21-842F-6154C3897543}.Debug|x64.Build.0 = Debug|Any CPU
		{C5BC6C21-DCBE-4E21-842F-6154C3897543}.Debug|x86.ActiveCfg = Debug|Any CPU
		{C5BC6C21-DCBE-4E21-842F-6154C3897543}.Debug|x86.Build.0 = Debug|Any CPU
		{C5BC6C21-DCBE-4E21-842F-6154C3897543}.Release|Any CPU.ActiveCfg = Release|Any CPU
		{C5BC6C21-DCBE-4E21-842F-6154C3897543}.Release|Any CPU.Build.0 = Release|Any CPU
		{C5BC6C21-DCBE-4E21-842F-6154C3897543}.Release|x64.ActiveCfg = Release|Any CPU
		{C5BC6C21-DCBE-4E21-842F-6154C3897543}.Release|x64.Build.0 = Release|Any CPU
		{C5BC6C21-DCBE-4E21-842F-6154C3897543}.Release|x86.ActiveCfg = Release|Any CPU
		{C5BC6C21-DCBE-4E21-842F-6154C3897543}.Release|x86.Build.0 = Release|Any CPU
		{F2F19D32-4829-4CE5-BA03-01C9355397DB}.Debug|Any CPU.ActiveCfg = Debug|Any CPU
		{F2F19D32-4829-4CE5-BA03-01C9355397DB}.Debug|Any CPU.Build.0 = Debug|Any CPU
		{F2F19D32-4829-4CE5-BA03-01C9355397DB}.Debug|x64.ActiveCfg = Debug|Any CPU
		{F2F19D32-4829-4CE5-BA03-01C9355397DB}.Debug|x64.Build.0 = Debug|Any CPU
		{F2F19D32-4829-4CE5-BA03-01C9355397DB}.Debug|x86.ActiveCfg = Debug|Any CPU
		{F2F19D32-4829-4CE5-BA03-01C9355397DB}.Debug|x86.Build.0 = Debug|Any CPU
		{F2F19D32-4829-4CE5-BA03-01C9355397DB}.Release|Any CPU.ActiveCfg = Release|Any CPU
		{F2F19D32-4829-4CE5-BA03-01C9355397DB}.Release|Any CPU.Build.0 = Release|Any CPU
		{F2F19D32-4829-4CE5-BA03-01C9355397DB}.Release|x64.ActiveCfg = Release|Any CPU
		{F2F19D32-4829-4CE5-BA03-01C9355397DB}.Release|x64.Build.0 = Release|Any CPU
		{F2F19D32-4829-4CE5-BA03-01C9355397DB}.Release|x86.ActiveCfg = Release|Any CPU
		{F2F19D32-4829-4CE5-BA03-01C9355397DB}.Release|x86.Build.0 = Release|Any CPU
	EndGlobalSection
	GlobalSection(SolutionProperties) = preSolution
		HideSolutionNode = FALSE
	EndGlobalSection
	GlobalSection(ExtensibilityGlobals) = postSolution
		SolutionGuid = {8F14E2F0-CC72-4276-B84E-9322CC6B69BD}
	EndGlobalSection
EndGlobal
